
Microsoft Visual Studio Solution File, Format Version 12.00
# Visual Studio Version 16
VisualStudioVersion = 16.0.30204.135
MinimumVisualStudioVersion = 10.0.40219.1
Project("{9A19103F-16F7-4668-BE54-9A1E7A4F7556}") = "HookahNet", "HookahNet\HookahNet.csproj", "{DC8A16FA-2918-45FC-8AEA-21FBCF08D176}"
EndProject
Project("{9A19103F-16F7-4668-BE54-9A1E7A4F7556}") = "HookahNet.Tests", "HookahNet.Tests\HookahNet.Tests.csproj", "{715160F0-AA71-44AA-A21B-C961FD93C19E}"
EndProject
Global
	GlobalSection(SolutionConfigurationPlatforms) = preSolution
		Debug|Any CPU = Debug|Any CPU
		Release|Any CPU = Release|Any CPU
	EndGlobalSection
	GlobalSection(ProjectConfigurationPlatforms) = postSolution
		{DC8A16FA-2918-45FC-8AEA-21FBCF08D176}.Debug|Any CPU.ActiveCfg = Debug|Any CPU
		{DC8A16FA-2918-45FC-8AEA-21FBCF08D176}.Debug|Any CPU.Build.0 = Debug|Any CPU
		{DC8A16FA-2918-45FC-8AEA-21FBCF08D176}.Release|Any CPU.ActiveCfg = Release|Any CPU
		{DC8A16FA-2918-45FC-8AEA-21FBCF08D176}.Release|Any CPU.Build.0 = Release|Any CPU
		{715160F0-AA71-44AA-A21B-C961FD93C19E}.Debug|Any CPU.ActiveCfg = Debug|Any CPU
		{715160F0-AA71-44AA-A21B-C961FD93C19E}.Debug|Any CPU.Build.0 = Debug|Any CPU
		{715160F0-AA71-44AA-A21B-C961FD93C19E}.Release|Any CPU.ActiveCfg = Release|Any CPU
		{715160F0-AA71-44AA-A21B-C961FD93C19E}.Release|Any CPU.Build.0 = Release|Any CPU
	EndGlobalSection
	GlobalSection(SolutionProperties) = preSolution
		HideSolutionNode = FALSE
	EndGlobalSection
	GlobalSection(ExtensibilityGlobals) = postSolution
		SolutionGuid = {DC0A9612-79DF-4CB1-9262-F3919075F25B}
	EndGlobalSection
EndGlobal
